
Microsoft Visual Studio Solution File, Format Version 12.00
# Visual Studio Version 17
VisualStudioVersion = 17.13.35806.99
MinimumVisualStudioVersion = 10.0.40219.1
Project("{FAE04EC0-301F-11D3-BF4B-00C04F79EFBC}") = "Web.API", "src\Web.API\Web.API.csproj", "{141E5A4F-A98E-1E94-E0C1-0FF4E4A962B9}"
EndProject
Project("{FAE04EC0-301F-11D3-BF4B-00C04F79EFBC}") = "Application", "src\Application\Application.csproj", "{3C33856A-0532-4492-BAB9-FC4231976012}"
EndProject
Project("{FAE04EC0-301F-11D3-BF4B-00C04F79EFBC}") = "Domain", "src\Domain\Domain.csproj", "{AB938035-DD60-4A8E-B7A9-E5F1DB4BB8DF}"
EndProject
Project("{FAE04EC0-301F-11D3-BF4B-00C04F79EFBC}") = "Infrastructure", "src\Infrastructure\Infrastructure.csproj", "{B2AA0BE5-6FC8-42B5-B9CD-5A5B20ABCD10}"
EndProject
Project("{FAE04EC0-301F-11D3-BF4B-00C04F79EFBC}") = "SharedKernel", "src\SharedKernel\SharedKernel.csproj", "{3A582446-3035-4781-875C-EEA5DDC82F30}"
EndProject
Global
	GlobalSection(SolutionConfigurationPlatforms) = preSolution
		Debug|Any CPU = Debug|Any CPU
		Release|Any CPU = Release|Any CPU
	EndGlobalSection
	GlobalSection(ProjectConfigurationPlatforms) = postSolution
		{141E5A4F-A98E-1E94-E0C1-0FF4E4A962B9}.Debug|Any CPU.ActiveCfg = Debug|Any CPU
		{141E5A4F-A98E-1E94-E0C1-0FF4E4A962B9}.Debug|Any CPU.Build.0 = Debug|Any CPU
		{141E5A4F-A98E-1E94-E0C1-0FF4E4A962B9}.Release|Any CPU.ActiveCfg = Release|Any CPU
		{141E5A4F-A98E-1E94-E0C1-0FF4E4A962B9}.Release|Any CPU.Build.0 = Release|Any CPU
		{3C33856A-0532-4492-BAB9-FC4231976012}.Debug|Any CPU.ActiveCfg = Debug|Any CPU
		{3C33856A-0532-4492-BAB9-FC4231976012}.Debug|Any CPU.Build.0 = Debug|Any CPU
		{3C33856A-0532-4492-BAB9-FC4231976012}.Release|Any CPU.ActiveCfg = Release|Any CPU
		{3C33856A-0532-4492-BAB9-FC4231976012}.Release|Any CPU.Build.0 = Release|Any CPU
		{AB938035-DD60-4A8E-B7A9-E5F1DB4BB8DF}.Debug|Any CPU.ActiveCfg = Debug|Any CPU
		{AB938035-DD60-4A8E-B7A9-E5F1DB4BB8DF}.Debug|Any CPU.Build.0 = Debug|Any CPU
		{AB938035-DD60-4A8E-B7A9-E5F1DB4BB8DF}.Release|Any CPU.ActiveCfg = Release|Any CPU
		{AB938035-DD60-4A8E-B7A9-E5F1DB4BB8DF}.Release|Any CPU.Build.0 = Release|Any CPU
		{B2AA0BE5-6FC8-42B5-B9CD-5A5B20ABCD10}.Debug|Any CPU.ActiveCfg = Debug|Any CPU
		{B2AA0BE5-6FC8-42B5-B9CD-5A5B20ABCD10}.Debug|Any CPU.Build.0 = Debug|Any CPU
		{B2AA0BE5-6FC8-42B5-B9CD-5A5B20ABCD10}.Release|Any CPU.ActiveCfg = Release|Any CPU
		{B2AA0BE5-6FC8-42B5-B9CD-5A5B20ABCD10}.Release|Any CPU.Build.0 = Release|Any CPU
		{3A582446-3035-4781-875C-EEA5DDC82F30}.Debug|Any CPU.ActiveCfg = Debug|Any CPU
		{3A582446-3035-4781-875C-EEA5DDC82F30}.Debug|Any CPU.Build.0 = Debug|Any CPU
		{3A582446-3035-4781-875C-EEA5DDC82F30}.Release|Any CPU.ActiveCfg = Release|Any CPU
		{3A582446-3035-4781-875C-EEA5DDC82F30}.Release|Any CPU.Build.0 = Release|Any CPU
	EndGlobalSection
	GlobalSection(SolutionProperties) = preSolution
		HideSolutionNode = FALSE
	EndGlobalSection
	GlobalSection(ExtensibilityGlobals) = postSolution
		SolutionGuid = {12984317-79D9-4457-BF72-3A57200944E4}
	EndGlobalSection
EndGlobal
